{
  "version": "5",
  "redirects": {
    "https://esm.sh/@supabase/supabase-js@2": "https://esm.sh/@supabase/supabase-js@2.99.2",
    "https://esm.sh/iceberg-js@^0.8.1?target=denonext": "https://esm.sh/iceberg-js@0.8.1?target=denonext"
  },
  "remote": {
    "https://esm.sh/@supabase/auth-js@2.99.2/denonext/auth-js.mjs": "a8c9d5085ca53b234df596ddd6ab8f7ae39974708f187efb88ad1e9d6aad7ec3",
    "https://esm.sh/@supabase/functions-js@2.99.2/denonext/functions-js.mjs": "8fb46d367ab73a9380567a15d9b5f69eab5d48fbd86eff53212e1613f65591f7",
    "https://esm.sh/@supabase/postgrest-js@2.99.2/denonext/postgrest-js.mjs": "ff9adfa5bd929a6e52bc8b4d4f95d2423ca107c828150db7679660d5d5445c40",
    "https://esm.sh/@supabase/realtime-js@2.99.2/denonext/realtime-js.mjs": "283ad2a2c27b7391016ce2f5198cc11dcd88ba5142e7e59d71a7977f2974b97a",
    "https://esm.sh/@supabase/storage-js@2.99.2/denonext/storage-js.mjs": "61107f13005d7c2812bc3419f32f82e7b07cf357046b10a240e286bab1c710ef",
    "https://esm.sh/@supabase/supabase-js@2.99.2": "efb7249144e7f54bf97ebe1a570036360aebb58d882f9f4a3b960aad3958f0bf",
    "https://esm.sh/@supabase/supabase-js@2.99.2/denonext/supabase-js.mjs": "c572f3d76a4b08266be4f82a61da5859fd45c6051791bfd9d4d75df867464342",
    "https://esm.sh/iceberg-js@0.8.1/denonext/iceberg-js.mjs": "d839d81a2e3966500ca2cdd0c1cb458e9608bacfc91f7bb67a69b2e878dcdb4f",
    "https://esm.sh/iceberg-js@0.8.1?target=denonext": "58c849d7fe2bf4eca4a84eb501e83c161a7d8c34ca1bec15a962b3bec3062633",
    "https://esm.sh/tslib@2.8.1/denonext/tslib.mjs": "c38da5dd6da6281964435002ce204cd586634fe3bdfb24a0ee116f48cf3292e9"
  },
  "workspace": {
    "packageJson": {
      "dependencies": [
        "npm:@supabase/supabase-js@^2.99.2",
        "npm:@types/node@20",
        "npm:autoprefixer@^10.4.27",
        "npm:cors@^2.8.5",
        "npm:deno@^2.7.5",
        "npm:dotenv@^16.4.5",
        "npm:ethers@^6.16.0",
        "npm:express@^4.18.2",
        "npm:node-cron@^4.2.1",
        "npm:node@20",
        "npm:postcss@^8.5.8",
        "npm:qr@~0.5.5",
        "npm:socket.io@^4.7.4",
        "npm:tsx@^4.21.0",
        "npm:typescript@5"
      ]
    }
  }
}
